
Microsoft Visual Studio Solution File, Format Version 12.00
# Visual Studio 15
VisualStudioVersion = 15.0.26430.13
MinimumVisualStudioVersion = 10.0.40219.1
Project("{FAE04EC0-301F-11D3-BF4B-00C04F79EFBC}") = "Supermarket Management", "Supermarket Management\Supermarket Management.csproj", "{B5092814-38C4-4F4A-A380-4A8301FDD51E}"
EndProject
Global
	GlobalSection(SolutionConfigurationPlatforms) = preSolution
		Debug|Any CPU = Debug|Any CPU
		Release|Any CPU = Release|Any CPU
	EndGlobalSection
	GlobalSection(ProjectConfigurationPlatforms) = postSolution
		{B5092814-38C4-4F4A-A380-4A8301FDD51E}.Debug|Any CPU.ActiveCfg = Debug|Any CPU
		{B5092814-38C4-4F4A-A380-4A8301FDD51E}.Debug|Any CPU.Build.0 = Debug|Any CPU
		{B5092814-38C4-4F4A-A380-4A8301FDD51E}.Release|Any CPU.ActiveCfg = Release|Any CPU
		{B5092814-38C4-4F4A-A380-4A8301FDD51E}.Release|Any CPU.Build.0 = Release|Any CPU
	EndGlobalSection
	GlobalSection(SolutionProperties) = preSolution
		HideSolutionNode = FALSE
	EndGlobalSection
EndGlobal
